
Microsoft Visual Studio Solution File, Format Version 12.00
# Visual Studio 2013
VisualStudioVersion = 12.0.31101.0
MinimumVisualStudioVersion = 10.0.40219.1
Project("{FAE04EC0-301F-11D3-BF4B-00C04F79EFBC}") = "HousePricesDownload", "HousePricesDownload\HousePricesDownload.csproj", "{765295F9-5DD0-4005-8915-B01296E078A2}"
EndProject
Project("{FAE04EC0-301F-11D3-BF4B-00C04F79EFBC}") = "GlobalMapTiles", "GlobalMapTiles\GlobalMapTiles.csproj", "{D764C985-85BC-4BB8-8207-B9233FFC1FFD}"
EndProject
Project("{FAE04EC0-301F-11D3-BF4B-00C04F79EFBC}") = "cleanData", "cleanData\cleanData.csproj", "{58CBC211-98B2-4CC6-94E0-D58D7305A2EA}"
EndProject
Project("{FAE04EC0-301F-11D3-BF4B-00C04F79EFBC}") = "analyzeData", "analyzeData\analyzeData.csproj", "{6F9F1E2A-40E9-4742-9F30-B76E4F98506D}"
EndProject
Project("{2150E333-8FDC-42A3-9474-1A3956D46DE8}") = "Solution Items", "Solution Items", "{D4CF906A-E9E1-4877-9885-6D91EB1A9D46}"
	ProjectSection(SolutionItems) = preProject
		compile.bat = compile.bat
	EndProjectSection
EndProject
Global
	GlobalSection(SolutionConfigurationPlatforms) = preSolution
		Debug|Any CPU = Debug|Any CPU
		Release|Any CPU = Release|Any CPU
	EndGlobalSection
	GlobalSection(ProjectConfigurationPlatforms) = postSolution
		{765295F9-5DD0-4005-8915-B01296E078A2}.Debug|Any CPU.ActiveCfg = Debug|Any CPU
		{765295F9-5DD0-4005-8915-B01296E078A2}.Debug|Any CPU.Build.0 = Debug|Any CPU
		{765295F9-5DD0-4005-8915-B01296E078A2}.Release|Any CPU.ActiveCfg = Release|Any CPU
		{765295F9-5DD0-4005-8915-B01296E078A2}.Release|Any CPU.Build.0 = Release|Any CPU
		{D764C985-85BC-4BB8-8207-B9233FFC1FFD}.Debug|Any CPU.ActiveCfg = Debug|Any CPU
		{D764C985-85BC-4BB8-8207-B9233FFC1FFD}.Debug|Any CPU.Build.0 = Debug|Any CPU
		{D764C985-85BC-4BB8-8207-B9233FFC1FFD}.Release|Any CPU.ActiveCfg = Release|Any CPU
		{D764C985-85BC-4BB8-8207-B9233FFC1FFD}.Release|Any CPU.Build.0 = Release|Any CPU
		{58CBC211-98B2-4CC6-94E0-D58D7305A2EA}.Debug|Any CPU.ActiveCfg = Debug|Any CPU
		{58CBC211-98B2-4CC6-94E0-D58D7305A2EA}.Debug|Any CPU.Build.0 = Debug|Any CPU
		{58CBC211-98B2-4CC6-94E0-D58D7305A2EA}.Release|Any CPU.ActiveCfg = Release|Any CPU
		{58CBC211-98B2-4CC6-94E0-D58D7305A2EA}.Release|Any CPU.Build.0 = Release|Any CPU
		{6F9F1E2A-40E9-4742-9F30-B76E4F98506D}.Debug|Any CPU.ActiveCfg = Debug|Any CPU
		{6F9F1E2A-40E9-4742-9F30-B76E4F98506D}.Debug|Any CPU.Build.0 = Debug|Any CPU
		{6F9F1E2A-40E9-4742-9F30-B76E4F98506D}.Release|Any CPU.ActiveCfg = Release|Any CPU
		{6F9F1E2A-40E9-4742-9F30-B76E4F98506D}.Release|Any CPU.Build.0 = Release|Any CPU
	EndGlobalSection
	GlobalSection(SolutionProperties) = preSolution
		HideSolutionNode = FALSE
	EndGlobalSection
EndGlobal
